// !$*UTF8*$!
{
	archiveVersion = 1;
	classes = {
	};
	objectVersion = 46;
	objects = {

/* Begin PBXBuildFile section */
		0415E7E71CC2404B00DF6321 /* Person.m in Sources */ = {isa = PBXBuildFile; fileRef = 0415E7E61CC2404B00DF6321 /* Person.m */; };
		0415E7EA1CC36B6600DF6321 /* Person+category.m in Sources */ = {isa = PBXBuildFile; fileRef = 0415E7E91CC36B6600DF6321 /* Person+category.m */; };
		0415E7ED1CC383C500DF6321 /* Dog.m in Sources */ = {isa = PBXBuildFile; fileRef = 0415E7EC1CC383C500DF6321 /* Dog.m */; };
		04EF0A731CC22EDA002F4C9E /* main.m in Sources */ = {isa = PBXBuildFile; fileRef = 04EF0A721CC22EDA002F4C9E /* main.m */; };
		04EF0A761CC22EDA002F4C9E /* AppDelegate.m in Sources */ = {isa = PBXBuildFile; fileRef = 04EF0A751CC22EDA002F4C9E /* AppDelegate.m */; };
		04EF0A791CC22EDA002F4C9E /* ViewController.m in Sources */ = {isa = PBXBuildFile; fileRef = 04EF0A781CC22EDA002F4C9E /* ViewController.m */; };
		04EF0A7C1CC22EDA002F4C9E /* Main.storyboard in Resources */ = {isa = PBXBuildFile; fileRef = 04EF0A7A1CC22EDA002F4C9E /* Main.storyboard */; };
		04EF0A7E1CC22EDA002F4C9E /* Assets.xcassets in Resources */ = {isa = PBXBuildFile; fileRef = 04EF0A7D1CC22EDA002F4C9E /* Assets.xcassets */; };
		04EF0A811CC22EDA002F4C9E /* LaunchScreen.storyboard in Resources */ = {isa = PBXBuildFile; fileRef = 04EF0A7F1CC22EDA002F4C9E /* LaunchScreen.storyboard */; };
/* End PBXBuildFile section */

/* Begin PBXFileReference section */
		0415E7E51CC2404B00DF6321 /* Person.h */ = {isa = PBXFileReference; fileEncoding = 4; lastKnownFileType = sourcecode.c.h; path = Person.h; sourceTree = "<group>"; };
		0415E7E61CC2404B00DF6321 /* Person.m */ = {isa = PBXFileReference; fileEncoding = 4; lastKnownFileType = sourcecode.c.objc; path = Person.m; sourceTree = "<group>"; };
		0415E7E81CC36B6600DF6321 /* Person+category.h */ = {isa = PBXFileReference; fileEncoding = 4; lastKnownFileType = sourcecode.c.h; path = "Person+category.h"; sourceTree = "<group>"; };
		0415E7E91CC36B6600DF6321 /* Person+category.m */ = {isa = PBXFileReference; fileEncoding = 4; lastKnownFileType = sourcecode.c.objc; path = "Person+category.m"; sourceTree = "<group>"; };
		0415E7EB1CC383C500DF6321 /* Dog.h */ = {isa = PBXFileReference; fileEncoding = 4; lastKnownFileType = sourcecode.c.h; path = Dog.h; sourceTree = "<group>"; };
		0415E7EC1CC383C500DF6321 /* Dog.m */ = {isa = PBXFileReference; fileEncoding = 4; lastKnownFileType = sourcecode.c.objc; path = Dog.m; sourceTree = "<group>"; };
		04EF0A6E1CC22EDA002F4C9E /* runTimeTest.app */ = {isa = PBXFileReference; explicitFileType = wrapper.application; includeInIndex = 0; path = runTimeTest.app; sourceTree = BUILT_PRODUCTS_DIR; };
		04EF0A721CC22EDA002F4C9E /* main.m */ = {isa = PBXFileReference; lastKnownFileType = sourcecode.c.objc; path = main.m; sourceTree = "<group>"; };
		04EF0A741CC22EDA002F4C9E /* AppDelegate.h */ = {isa = PBXFileReference; lastKnownFileType = sourcecode.c.h; path = AppDelegate.h; sourceTree = "<group>"; };
		04EF0A751CC22EDA002F4C9E /* AppDelegate.m */ = {isa = PBXFileReference; lastKnownFileType = sourcecode.c.objc; path = AppDelegate.m; sourceTree = "<group>"; };
		04EF0A771CC22EDA002F4C9E /* ViewController.h */ = {isa = PBXFileReference; lastKnownFileType = sourcecode.c.h; path = ViewController.h; sourceTree = "<group>"; };
		04EF0A781CC22EDA002F4C9E /* ViewController.m */ = {isa = PBXFileReference; lastKnownFileType = sourcecode.c.objc; path = ViewController.m; sourceTree = "<group>"; };
		04EF0A7B1CC22EDA002F4C9E /* Base */ = {isa = PBXFileReference; lastKnownFileType = file.storyboard; name = Base; path = Base.lproj/Main.storyboard; sourceTree = "<group>"; };
		04EF0A7D1CC22EDA002F4C9E /* Assets.xcassets */ = {isa = PBXFileReference; lastKnownFileType = folder.assetcatalog; path = Assets.xcassets; sourceTree = "<group>"; };
		04EF0A801CC22EDA002F4C9E /* Base */ = {isa = PBXFileReference; lastKnownFileType = file.storyboard; name = Base; path = Base.lproj/LaunchScreen.storyboard; sourceTree = "<group>"; };
		04EF0A821CC22EDA002F4C9E /* Info.plist */ = {isa = PBXFileReference; lastKnownFileType = text.plist.xml; path = Info.plist; sourceTree = "<group>"; };
/* End PBXFileReference section */

/* Begin PBXFrameworksBuildPhase section */
		04EF0A6B1CC22EDA002F4C9E /* Frameworks */ = {
			isa = PBXFrameworksBuildPhase;
			buildActionMask = 2147483647;
			files = (
			);
			runOnlyForDeploymentPostprocessing = 0;
		};
/* End PBXFrameworksBuildPhase section */

/* Begin PBXGroup section */
		04EF0A651CC22EDA002F4C9E = {
			isa = PBXGroup;
			children = (
				04EF0A701CC22EDA002F4C9E /* runTimeTest */,
				04EF0A6F1CC22EDA002F4C9E /* Products */,
			);
			sourceTree = "<group>";
		};
		04EF0A6F1CC22EDA002F4C9E /* Products */ = {
			isa = PBXGroup;
			children = (
				04EF0A6E1CC22EDA002F4C9E /* runTimeTest.app */,
			);
			name = Products;
			sourceTree = "<group>";
		};
		04EF0A701CC22EDA002F4C9E /* runTimeTest */ = {
			isa = PBXGroup;
			children = (
				04EF0A741CC22EDA002F4C9E /* AppDelegate.h */,
				04EF0A751CC22EDA002F4C9E /* AppDelegate.m */,
				04EF0A771CC22EDA002F4C9E /* ViewController.h */,
				04EF0A781CC22EDA002F4C9E /* ViewController.m */,
				04EF0A7A1CC22EDA002F4C9E /* Main.storyboard */,
				04EF0A7D1CC22EDA002F4C9E /* Assets.xcassets */,
				04EF0A7F1CC22EDA002F4C9E /* LaunchScreen.storyboard */,
				04EF0A821CC22EDA002F4C9E /* Info.plist */,
				04EF0A711CC22EDA002F4C9E /* Supporting Files */,
				0415E7E51CC2404B00DF6321 /* Person.h */,
				0415E7E61CC2404B00DF6321 /* Person.m */,
				0415E7E81CC36B6600DF6321 /* Person+category.h */,
				0415E7E91CC36B6600DF6321 /* Person+category.m */,
				0415E7EB1CC383C500DF6321 /* Dog.h */,
				0415E7EC1CC383C500DF6321 /* Dog.m */,
			);
			path = runTimeTest;
			sourceTree = "<group>";
		};
		04EF0A711CC22EDA002F4C9E /* Supporting Files */ = {
			isa = PBXGroup;
			children = (
				04EF0A721CC22EDA002F4C9E /* main.m */,
			);
			name = "Supporting Files";
			sourceTree = "<group>";
		};
/* End PBXGroup section */

/* Begin PBXNativeTarget section */
		04EF0A6D1CC22EDA002F4C9E /* runTimeTest */ = {
			isa = PBXNativeTarget;
			buildConfigurationList = 04EF0A851CC22EDA002F4C9E /* Build configuration list for PBXNativeTarget "runTimeTest" */;
			buildPhases = (
				04EF0A6A1CC22EDA002F4C9E /* Sources */,
				04EF0A6B1CC22EDA002F4C9E /* Frameworks */,
				04EF0A6C1CC22EDA002F4C9E /* Resources */,
			);
			buildRules = (
			);
			dependencies = (
			);
			name = runTimeTest;
			productName = runTimeTest;
			productReference = 04EF0A6E1CC22EDA002F4C9E /* runTimeTest.app */;
			productType = "com.apple.product-type.application";
		};
/* End PBXNativeTarget section */

/* Begin PBXProject section */
		04EF0A661CC22EDA002F4C9E /* Project object */ = {
			isa = PBXProject;
			attributes = {
				LastUpgradeCheck = 0730;
				ORGANIZATIONNAME = mac;
				TargetAttributes = {
					04EF0A6D1CC22EDA002F4C9E = {
						CreatedOnToolsVersion = 7.3;
					};
				};
			};
			buildConfigurationList = 04EF0A691CC22EDA002F4C9E /* Build configuration list for PBXProject "runTimeTest" */;
			compatibilityVersion = "Xcode 3.2";
			developmentRegion = English;
			hasScannedForEncodings = 0;
			knownRegions = (
				en,
				Base,
			);
			mainGroup = 04EF0A651CC22EDA002F4C9E;
			productRefGroup = 04EF0A6F1CC22EDA002F4C9E /* Products */;
			projectDirPath = "";
			projectRoot = "";
			targets = (
				04EF0A6D1CC22EDA002F4C9E /* runTimeTest */,
			);
		};
/* End PBXProject section */

/* Begin PBXResourcesBuildPhase section */
		04EF0A6C1CC22EDA002F4C9E /* Resources */ = {
			isa = PBXResourcesBuildPhase;
			buildActionMask = 2147483647;
			files = (
				04EF0A811CC22EDA002F4C9E /* LaunchScreen.storyboard in Resources */,
				04EF0A7E1CC22EDA002F4C9E /* Assets.xcassets in Resources */,
				04EF0A7C1CC22EDA002F4C9E /* Main.storyboard in Resources */,
			);
			runOnlyForDeploymentPostprocessing = 0;
		};
/* End PBXResourcesBuildPhase section */

/* Begin PBXSourcesBuildPhase section */
		04EF0A6A1CC22EDA002F4C9E /* Sources */ = {
			isa = PBXSourcesBuildPhase;
			buildActionMask = 2147483647;
			files = (
				0415E7ED1CC383C500DF6321 /* Dog.m in Sources */,
				04EF0A791CC22EDA002F4C9E /* ViewController.m in Sources */,
				04EF0A761CC22EDA002F4C9E /* AppDelegate.m in Sources */,
				0415E7E71CC2404B00DF6321 /* Person.m in Sources */,
				04EF0A731CC22EDA002F4C9E /* main.m in Sources */,
				0415E7EA1CC36B6600DF6321 /* Person+category.m in Sources */,
			);
			runOnlyForDeploymentPostprocessing = 0;
		};
/* End PBXSourcesBuildPhase section */

/* Begin PBXVariantGroup section */
		04EF0A7A1CC22EDA002F4C9E /* Main.storyboard */ = {
			isa = PBXVariantGroup;
			children = (
				04EF0A7B1CC22EDA002F4C9E /* Base */,
			);
			name = Main.storyboard;
			sourceTree = "<group>";
		};
		04EF0A7F1CC22EDA002F4C9E /* LaunchScreen.storyboard */ = {
			isa = PBXVariantGroup;
			children = (
				04EF0A801CC22EDA002F4C9E /* Base */,
			);
			name = LaunchScreen.storyboard;
			sourceTree = "<group>";
		};
/* End PBXVariantGroup section */

/* Begin XCBuildConfiguration section */
		04EF0A831CC22EDA002F4C9E /* Debug */ = {
			isa = XCBuildConfiguration;
			buildSettings = {
				ALWAYS_SEARCH_USER_PATHS = NO;
				CLANG_ANALYZER_NONNULL = YES;
				CLANG_CXX_LANGUAGE_STANDARD = "gnu++0x";
				CLANG_CXX_LIBRARY = "libc++";
				CLANG_ENABLE_MODULES = YES;
				CLANG_ENABLE_OBJC_ARC = YES;
				CLANG_WARN_BOOL_CONVERSION = YES;
				CLANG_WARN_CONSTANT_CONVERSION = YES;
				CLANG_WARN_DIRECT_OBJC_ISA_USAGE = YES_ERROR;
				CLANG_WARN_EMPTY_BODY = YES;
				CLANG_WARN_ENUM_CONVERSION = YES;
				CLANG_WARN_INT_CONVERSION = YES;
				CLANG_WARN_OBJC_ROOT_CLASS = YES_ERROR;
				CLANG_WARN_UNREACHABLE_CODE = YES;
				CLANG_WARN__DUPLICATE_METHOD_MATCH = YES;
				"CODE_SIGN_IDENTITY[sdk=iphoneos*]" = "iPhone Developer";
				COPY_PHASE_STRIP = NO;
				DEBUG_INFORMATION_FORMAT = dwarf;
				ENABLE_STRICT_OBJC_MSGSEND = YES;
				ENABLE_TESTABILITY = YES;
				GCC_C_LANGUAGE_STANDARD = gnu99;
				GCC_DYNAMIC_NO_PIC = NO;
				GCC_NO_COMMON_BLOCKS = YES;
				GCC_OPTIMIZATION_LEVEL = 0;
				GCC_PREPROCESSOR_DEFINITIONS = (
					"DEBUG=1",
					"$(inherited)",
				);
				GCC_WARN_64_TO_32_BIT_CONVERSION = YES;
				GCC_WARN_ABOUT_RETURN_TYPE = YES_ERROR;
				GCC_WARN_UNDECLARED_SELECTOR = YES;
				GCC_WARN_UNINITIALIZED_AUTOS = YES_AGGRESSIVE;
				GCC_WARN_UNUSED_FUNCTION = YES;
				GCC_WARN_UNUSED_VARIABLE = YES;
				IPHONEOS_DEPLOYMENT_TARGET = 9.3;
				MTL_ENABLE_DEBUG_INFO = YES;
				ONLY_ACTIVE_ARCH = YES;
				SDKROOT = iphoneos;
				TARGETED_DEVICE_FAMILY = "1,2";
			};
			name = Debug;
		};
		04EF0A841CC22EDA002F4C9E /* Release */ = {
			isa = XCBuildConfiguration;
			buildSettings = {
				ALWAYS_SEARCH_USER_PATHS = NO;
				CLANG_ANALYZER_NONNULL = YES;
				CLANG_CXX_LANGUAGE_STANDARD = "gnu++0x";
				CLANG_CXX_LIBRARY = "libc++";
				CLANG_ENABLE_MODULES = YES;
				CLANG_ENABLE_OBJC_ARC = YES;
				CLANG_WARN_BOOL_CONVERSION = YES;
				CLANG_WARN_CONSTANT_CONVERSION = YES;
				CLANG_WARN_DIRECT_OBJC_ISA_USAGE = YES_ERROR;
				CLANG_WARN_EMPTY_BODY = YES;
				CLANG_WARN_ENUM_CONVERSION = YES;
				CLANG_WARN_INT_CONVERSION = YES;
				CLANG_WARN_OBJC_ROOT_CLASS = YES_ERROR;
				CLANG_WARN_UNREACHABLE_CODE = YES;
				CLANG_WARN__DUPLICATE_METHOD_MATCH = YES;
				"CODE_SIGN_IDENTITY[sdk=iphoneos*]" = "iPhone Developer";
				COPY_PHASE_STRIP = NO;
				DEBUG_INFORMATION_FORMAT = "dwarf-with-dsym";
				ENABLE_NS_ASSERTIONS = NO;
				ENABLE_STRICT_OBJC_MSGSEND = YES;
				GCC_C_LANGUAGE_STANDARD = gnu99;
				GCC_NO_COMMON_BLOCKS = YES;
				GCC_WARN_64_TO_32_BIT_CONVERSION = YES;
				GCC_WARN_ABOUT_RETURN_TYPE = YES_ERROR;
				GCC_WARN_UNDECLARED_SELECTOR = YES;
				GCC_WARN_UNINITIALIZED_AUTOS = YES_AGGRESSIVE;
				GCC_WARN_UNUSED_FUNCTION = YES;
				GCC_WARN_UNUSED_VARIABLE = YES;
				IPHONEOS_DEPLOYMENT_TARGET = 9.3;
				MTL_ENABLE_DEBUG_INFO = NO;
				SDKROOT = iphoneos;
				TARGETED_DEVICE_FAMILY = "1,2";
				VALIDATE_PRODUCT = YES;
			};
			name = Release;
		};
		04EF0A861CC22EDA002F4C9E /* Debug */ = {
			isa = XCBuildConfiguration;
			buildSettings = {
				ASSETCATALOG_COMPILER_APPICON_NAME = AppIcon;
				INFOPLIST_FILE = runTimeTest/Info.plist;
				LD_RUNPATH_SEARCH_PATHS = "$(inherited) @executable_path/Frameworks";
				PRODUCT_BUNDLE_IDENTIFIER = ws.runTimeTest;
				PRODUCT_NAME = "$(TARGET_NAME)";
			};
			name = Debug;
		};
		04EF0A871CC22EDA002F4C9E /* Release */ = {
			isa = XCBuildConfiguration;
			buildSettings = {
				ASSETCATALOG_COMPILER_APPICON_NAME = AppIcon;
				INFOPLIST_FILE = runTimeTest/Info.plist;
				LD_RUNPATH_SEARCH_PATHS = "$(inherited) @executable_path/Frameworks";
				PRODUCT_BUNDLE_IDENTIFIER = ws.runTimeTest;
				PRODUCT_NAME = "$(TARGET_NAME)";
			};
			name = Release;
		};
/* End XCBuildConfiguration section */

/* Begin XCConfigurationList section */
		04EF0A691CC22EDA002F4C9E /* Build configuration list for PBXProject "runTimeTest" */ = {
			isa = XCConfigurationList;
			buildConfigurations = (
				04EF0A831CC22EDA002F4C9E /* Debug */,
				04EF0A841CC22EDA002F4C9E /* Release */,
			);
			defaultConfigurationIsVisible = 0;
			defaultConfigurationName = Release;
		};
		04EF0A851CC22EDA002F4C9E /* Build configuration list for PBXNativeTarget "runTimeTest" */ = {
			isa = XCConfigurationList;
			buildConfigurations = (
				04EF0A861CC22EDA002F4C9E /* Debug */,
				04EF0A871CC22EDA002F4C9E /* Release */,
			);
			defaultConfigurationIsVisible = 0;
			defaultConfigurationName = Release;
		};
/* End XCConfigurationList section */
	};
	rootObject = 04EF0A661CC22EDA002F4C9E /* Project object */;
}
